
Microsoft Visual Studio Solution File, Format Version 12.00
# Visual Studio Version 17
VisualStudioVersion = 17.14.36429.23 d17.14
MinimumVisualStudioVersion = 10.0.40219.1
Project("{FAE04EC0-301F-11D3-BF4B-00C04F79EFBC}") = "Biblioteca", "Biblioteca\Biblioteca.csproj", "{515DF67A-20A3-459E-AD02-B9AC6144553B}"
EndProject
Global
	GlobalSection(SolutionConfigurationPlatforms) = preSolution
		Debug|Any CPU = Debug|Any CPU
		Release|Any CPU = Release|Any CPU
	EndGlobalSection
	GlobalSection(ProjectConfigurationPlatforms) = postSolution
		{515DF67A-20A3-459E-AD02-B9AC6144553B}.Debug|Any CPU.ActiveCfg = Debug|Any CPU
		{515DF67A-20A3-459E-AD02-B9AC6144553B}.Debug|Any CPU.Build.0 = Debug|Any CPU
		{515DF67A-20A3-459E-AD02-B9AC6144553B}.Release|Any CPU.ActiveCfg = Release|Any CPU
		{515DF67A-20A3-459E-AD02-B9AC6144553B}.Release|Any CPU.Build.0 = Release|Any CPU
	EndGlobalSection
	GlobalSection(SolutionProperties) = preSolution
		HideSolutionNode = FALSE
	EndGlobalSection
	GlobalSection(ExtensibilityGlobals) = postSolution
		SolutionGuid = {09FC3F24-4246-4127-8BFB-6CA82E3852B0}
	EndGlobalSection
EndGlobal
